{
  "name": "rollup-project-template",
  "version": "1.0.0",
  "lockfileVersion": 1,
  "requires": true,
  "dependencies": {
    "eslint-plugin-standard": {
      "version": "4.0.0",
      "resolved": "https://registry.npmjs.org/eslint-plugin-standard/-/eslint-plugin-standard-4.0.0.tgz",
      "integrity": "sha512-OwxJkR6TQiYMmt1EsNRMe5qG3GsbjlcOhbGUBY4LtavF9DsLaTcoR+j2Tdjqi23oUwKNUqX7qcn5fPStafMdlA==",
      "dev": true
    }
  }
}
